// !$*UTF8*$!
{
	archiveVersion = 1;
	classes = {
	};
	objectVersion = 46;
	objects = {

/* Begin PBXBuildFile section */
		CB8AE0A61AA54C61001BAEE3 /* AppDelegate.swift in Sources */ = {isa = PBXBuildFile; fileRef = CB8AE0A51AA54C61001BAEE3 /* AppDelegate.swift */; };
		CB8AE0A81AA54C61001BAEE3 /* ViewController.swift in Sources */ = {isa = PBXBuildFile; fileRef = CB8AE0A71AA54C61001BAEE3 /* ViewController.swift */; };
		CB8AE0AB1AA54C61001BAEE3 /* Main.storyboard in Resources */ = {isa = PBXBuildFile; fileRef = CB8AE0A91AA54C61001BAEE3 /* Main.storyboard */; };
		CB8AE0AD1AA54C61001BAEE3 /* Images.xcassets in Resources */ = {isa = PBXBuildFile; fileRef = CB8AE0AC1AA54C61001BAEE3 /* Images.xcassets */; };
		CB8AE0B01AA54C61001BAEE3 /* LaunchScreen.xib in Resources */ = {isa = PBXBuildFile; fileRef = CB8AE0AE1AA54C61001BAEE3 /* LaunchScreen.xib */; };
		CB8AE0BC1AA54C61001BAEE3 /* PostcardTests.swift in Sources */ = {isa = PBXBuildFile; fileRef = CB8AE0BB1AA54C61001BAEE3 /* PostcardTests.swift */; };
		CB8AE0C61AA67B95001BAEE3 /* SagradaFamilia.jpeg in Resources */ = {isa = PBXBuildFile; fileRef = CB8AE0C51AA67B95001BAEE3 /* SagradaFamilia.jpeg */; };
		CB8AE0C81AA684A7001BAEE3 /* AlbertEinsteinStamp.jpg in Resources */ = {isa = PBXBuildFile; fileRef = CB8AE0C71AA684A7001BAEE3 /* AlbertEinsteinStamp.jpg */; };
/* End PBXBuildFile section */

/* Begin PBXContainerItemProxy section */
		CB8AE0B61AA54C61001BAEE3 /* PBXContainerItemProxy */ = {
			isa = PBXContainerItemProxy;
			containerPortal = CB8AE0981AA54C61001BAEE3 /* Project object */;
			proxyType = 1;
			remoteGlobalIDString = CB8AE09F1AA54C61001BAEE3;
			remoteInfo = Postcard;
		};
/* End PBXContainerItemProxy section */

/* Begin PBXFileReference section */
		CB8AE0A01AA54C61001BAEE3 /* Postcard.app */ = {isa = PBXFileReference; explicitFileType = wrapper.application; includeInIndex = 0; path = Postcard.app; sourceTree = BUILT_PRODUCTS_DIR; };
		CB8AE0A41AA54C61001BAEE3 /* Info.plist */ = {isa = PBXFileReference; lastKnownFileType = text.plist.xml; path = Info.plist; sourceTree = "<group>"; };
		CB8AE0A51AA54C61001BAEE3 /* AppDelegate.swift */ = {isa = PBXFileReference; lastKnownFileType = sourcecode.swift; path = AppDelegate.swift; sourceTree = "<group>"; };
		CB8AE0A71AA54C61001BAEE3 /* ViewController.swift */ = {isa = PBXFileReference; lastKnownFileType = sourcecode.swift; path = ViewController.swift; sourceTree = "<group>"; };
		CB8AE0AA1AA54C61001BAEE3 /* Base */ = {isa = PBXFileReference; lastKnownFileType = file.storyboard; name = Base; path = Base.lproj/Main.storyboard; sourceTree = "<group>"; };
		CB8AE0AC1AA54C61001BAEE3 /* Images.xcassets */ = {isa = PBXFileReference; lastKnownFileType = folder.assetcatalog; path = Images.xcassets; sourceTree = "<group>"; };
		CB8AE0AF1AA54C61001BAEE3 /* Base */ = {isa = PBXFileReference; lastKnownFileType = file.xib; name = Base; path = Base.lproj/LaunchScreen.xib; sourceTree = "<group>"; };
		CB8AE0B51AA54C61001BAEE3 /* PostcardTests.xctest */ = {isa = PBXFileReference; explicitFileType = wrapper.cfbundle; includeInIndex = 0; path = PostcardTests.xctest; sourceTree = BUILT_PRODUCTS_DIR; };
		CB8AE0BA1AA54C61001BAEE3 /* Info.plist */ = {isa = PBXFileReference; lastKnownFileType = text.plist.xml; path = Info.plist; sourceTree = "<group>"; };
		CB8AE0BB1AA54C61001BAEE3 /* PostcardTests.swift */ = {isa = PBXFileReference; lastKnownFileType = sourcecode.swift; path = PostcardTests.swift; sourceTree = "<group>"; };
		CB8AE0C51AA67B95001BAEE3 /* SagradaFamilia.jpeg */ = {isa = PBXFileReference; lastKnownFileType = image.jpeg; path = SagradaFamilia.jpeg; sourceTree = "<group>"; };
		CB8AE0C71AA684A7001BAEE3 /* AlbertEinsteinStamp.jpg */ = {isa = PBXFileReference; lastKnownFileType = image.jpeg; path = AlbertEinsteinStamp.jpg; sourceTree = "<group>"; };
/* End PBXFileReference section */

/* Begin PBXFrameworksBuildPhase section */
		CB8AE09D1AA54C61001BAEE3 /* Frameworks */ = {
			isa = PBXFrameworksBuildPhase;
			buildActionMask = 2147483647;
			files = (
			);
			runOnlyForDeploymentPostprocessing = 0;
		};
		CB8AE0B21AA54C61001BAEE3 /* Frameworks */ = {
			isa = PBXFrameworksBuildPhase;
			buildActionMask = 2147483647;
			files = (
			);
			runOnlyForDeploymentPostprocessing = 0;
		};
/* End PBXFrameworksBuildPhase section */

/* Begin PBXGroup section */
		CB8AE0971AA54C61001BAEE3 = {
			isa = PBXGroup;
			children = (
				CB8AE0A21AA54C61001BAEE3 /* Postcard */,
				CB8AE0B81AA54C61001BAEE3 /* PostcardTests */,
				CB8AE0A11AA54C61001BAEE3 /* Products */,
			);
			sourceTree = "<group>";
		};
		CB8AE0A11AA54C61001BAEE3 /* Products */ = {
			isa = PBXGroup;
			children = (
				CB8AE0A01AA54C61001BAEE3 /* Postcard.app */,
				CB8AE0B51AA54C61001BAEE3 /* PostcardTests.xctest */,
			);
			name = Products;
			sourceTree = "<group>";
		};
		CB8AE0A21AA54C61001BAEE3 /* Postcard */ = {
			isa = PBXGroup;
			children = (
				CB8AE0A51AA54C61001BAEE3 /* AppDelegate.swift */,
				CB8AE0A71AA54C61001BAEE3 /* ViewController.swift */,
				CB8AE0A91AA54C61001BAEE3 /* Main.storyboard */,
				CB8AE0AC1AA54C61001BAEE3 /* Images.xcassets */,
				CB8AE0AE1AA54C61001BAEE3 /* LaunchScreen.xib */,
				CB8AE0A31AA54C61001BAEE3 /* Supporting Files */,
			);
			path = Postcard;
			sourceTree = "<group>";
		};
		CB8AE0A31AA54C61001BAEE3 /* Supporting Files */ = {
			isa = PBXGroup;
			children = (
				CB8AE0C71AA684A7001BAEE3 /* AlbertEinsteinStamp.jpg */,
				CB8AE0C51AA67B95001BAEE3 /* SagradaFamilia.jpeg */,
				CB8AE0A41AA54C61001BAEE3 /* Info.plist */,
			);
			name = "Supporting Files";
			sourceTree = "<group>";
		};
		CB8AE0B81AA54C61001BAEE3 /* PostcardTests */ = {
			isa = PBXGroup;
			children = (
				CB8AE0BB1AA54C61001BAEE3 /* PostcardTests.swift */,
				CB8AE0B91AA54C61001BAEE3 /* Supporting Files */,
			);
			path = PostcardTests;
			sourceTree = "<group>";
		};
		CB8AE0B91AA54C61001BAEE3 /* Supporting Files */ = {
			isa = PBXGroup;
			children = (
				CB8AE0BA1AA54C61001BAEE3 /* Info.plist */,
			);
			name = "Supporting Files";
			sourceTree = "<group>";
		};
/* End PBXGroup section */

/* Begin PBXNativeTarget section */
		CB8AE09F1AA54C61001BAEE3 /* Postcard */ = {
			isa = PBXNativeTarget;
			buildConfigurationList = CB8AE0BF1AA54C61001BAEE3 /* Build configuration list for PBXNativeTarget "Postcard" */;
			buildPhases = (
				CB8AE09C1AA54C61001BAEE3 /* Sources */,
				CB8AE09D1AA54C61001BAEE3 /* Frameworks */,
				CB8AE09E1AA54C61001BAEE3 /* Resources */,
			);
			buildRules = (
			);
			dependencies = (
			);
			name = Postcard;
			productName = Postcard;
			productReference = CB8AE0A01AA54C61001BAEE3 /* Postcard.app */;
			productType = "com.apple.product-type.application";
		};
		CB8AE0B41AA54C61001BAEE3 /* PostcardTests */ = {
			isa = PBXNativeTarget;
			buildConfigurationList = CB8AE0C21AA54C61001BAEE3 /* Build configuration list for PBXNativeTarget "PostcardTests" */;
			buildPhases = (
				CB8AE0B11AA54C61001BAEE3 /* Sources */,
				CB8AE0B21AA54C61001BAEE3 /* Frameworks */,
				CB8AE0B31AA54C61001BAEE3 /* Resources */,
			);
			buildRules = (
			);
			dependencies = (
				CB8AE0B71AA54C61001BAEE3 /* PBXTargetDependency */,
			);
			name = PostcardTests;
			productName = PostcardTests;
			productReference = CB8AE0B51AA54C61001BAEE3 /* PostcardTests.xctest */;
			productType = "com.apple.product-type.bundle.unit-test";
		};
/* End PBXNativeTarget section */

/* Begin PBXProject section */
		CB8AE0981AA54C61001BAEE3 /* Project object */ = {
			isa = PBXProject;
			attributes = {
				LastUpgradeCheck = 0610;
				ORGANIZATIONNAME = PCRethinking.com;
				TargetAttributes = {
					CB8AE09F1AA54C61001BAEE3 = {
						CreatedOnToolsVersion = 6.1.1;
					};
					CB8AE0B41AA54C61001BAEE3 = {
						CreatedOnToolsVersion = 6.1.1;
						TestTargetID = CB8AE09F1AA54C61001BAEE3;
					};
				};
			};
			buildConfigurationList = CB8AE09B1AA54C61001BAEE3 /* Build configuration list for PBXProject "Postcard" */;
			compatibilityVersion = "Xcode 3.2";
			developmentRegion = English;
			hasScannedForEncodings = 0;
			knownRegions = (
				en,
				Base,
			);
			mainGroup = CB8AE0971AA54C61001BAEE3;
			productRefGroup = CB8AE0A11AA54C61001BAEE3 /* Products */;
			projectDirPath = "";
			projectRoot = "";
			targets = (
				CB8AE09F1AA54C61001BAEE3 /* Postcard */,
				CB8AE0B41AA54C61001BAEE3 /* PostcardTests */,
			);
		};
/* End PBXProject section */

/* Begin PBXResourcesBuildPhase section */
		CB8AE09E1AA54C61001BAEE3 /* Resources */ = {
			isa = PBXResourcesBuildPhase;
			buildActionMask = 2147483647;
			files = (
				CB8AE0AB1AA54C61001BAEE3 /* Main.storyboard in Resources */,
				CB8AE0C61AA67B95001BAEE3 /* SagradaFamilia.jpeg in Resources */,
				CB8AE0C81AA684A7001BAEE3 /* AlbertEinsteinStamp.jpg in Resources */,
				CB8AE0B01AA54C61001BAEE3 /* LaunchScreen.xib in Resources */,
				CB8AE0AD1AA54C61001BAEE3 /* Images.xcassets in Resources */,
			);
			runOnlyForDeploymentPostprocessing = 0;
		};
		CB8AE0B31AA54C61001BAEE3 /* Resources */ = {
			isa = PBXResourcesBuildPhase;
			buildActionMask = 2147483647;
			files = (
			);
			runOnlyForDeploymentPostprocessing = 0;
		};
/* End PBXResourcesBuildPhase section */

/* Begin PBXSourcesBuildPhase section */
		CB8AE09C1AA54C61001BAEE3 /* Sources */ = {
			isa = PBXSourcesBuildPhase;
			buildActionMask = 2147483647;
			files = (
				CB8AE0A81AA54C61001BAEE3 /* ViewController.swift in Sources */,
				CB8AE0A61AA54C61001BAEE3 /* AppDelegate.swift in Sources */,
			);
			runOnlyForDeploymentPostprocessing = 0;
		};
		CB8AE0B11AA54C61001BAEE3 /* Sources */ = {
			isa = PBXSourcesBuildPhase;
			buildActionMask = 2147483647;
			files = (
				CB8AE0BC1AA54C61001BAEE3 /* PostcardTests.swift in Sources */,
			);
			runOnlyForDeploymentPostprocessing = 0;
		};
/* End PBXSourcesBuildPhase section */

/* Begin PBXTargetDependency section */
		CB8AE0B71AA54C61001BAEE3 /* PBXTargetDependency */ = {
			isa = PBXTargetDependency;
			target = CB8AE09F1AA54C61001BAEE3 /* Postcard */;
			targetProxy = CB8AE0B61AA54C61001BAEE3 /* PBXContainerItemProxy */;
		};
/* End PBXTargetDependency section */

/* Begin PBXVariantGroup section */
		CB8AE0A91AA54C61001BAEE3 /* Main.storyboard */ = {
			isa = PBXVariantGroup;
			children = (
				CB8AE0AA1AA54C61001BAEE3 /* Base */,
			);
			name = Main.storyboard;
			sourceTree = "<group>";
		};
		CB8AE0AE1AA54C61001BAEE3 /* LaunchScreen.xib */ = {
			isa = PBXVariantGroup;
			children = (
				CB8AE0AF1AA54C61001BAEE3 /* Base */,
			);
			name = LaunchScreen.xib;
			sourceTree = "<group>";
		};
/* End PBXVariantGroup section */

/* Begin XCBuildConfiguration section */
		CB8AE0BD1AA54C61001BAEE3 /* Debug */ = {
			isa = XCBuildConfiguration;
			buildSettings = {
				ALWAYS_SEARCH_USER_PATHS = NO;
				CLANG_CXX_LANGUAGE_STANDARD = "gnu++0x";
				CLANG_CXX_LIBRARY = "libc++";
				CLANG_ENABLE_MODULES = YES;
				CLANG_ENABLE_OBJC_ARC = YES;
				CLANG_WARN_BOOL_CONVERSION = YES;
				CLANG_WARN_CONSTANT_CONVERSION = YES;
				CLANG_WARN_DIRECT_OBJC_ISA_USAGE = YES_ERROR;
				CLANG_WARN_EMPTY_BODY = YES;
				CLANG_WARN_ENUM_CONVERSION = YES;
				CLANG_WARN_INT_CONVERSION = YES;
				CLANG_WARN_OBJC_ROOT_CLASS = YES_ERROR;
				CLANG_WARN_UNREACHABLE_CODE = YES;
				CLANG_WARN__DUPLICATE_METHOD_MATCH = YES;
				"CODE_SIGN_IDENTITY[sdk=iphoneos*]" = "iPhone Developer";
				COPY_PHASE_STRIP = NO;
				ENABLE_STRICT_OBJC_MSGSEND = YES;
				GCC_C_LANGUAGE_STANDARD = gnu99;
				GCC_DYNAMIC_NO_PIC = NO;
				GCC_OPTIMIZATION_LEVEL = 0;
				GCC_PREPROCESSOR_DEFINITIONS = (
					"DEBUG=1",
					"$(inherited)",
				);
				GCC_SYMBOLS_PRIVATE_EXTERN = NO;
				GCC_WARN_64_TO_32_BIT_CONVERSION = YES;
				GCC_WARN_ABOUT_RETURN_TYPE = YES_ERROR;
				GCC_WARN_UNDECLARED_SELECTOR = YES;
				GCC_WARN_UNINITIALIZED_AUTOS = YES_AGGRESSIVE;
				GCC_WARN_UNUSED_FUNCTION = YES;
				GCC_WARN_UNUSED_VARIABLE = YES;
				IPHONEOS_DEPLOYMENT_TARGET = 8.1;
				MTL_ENABLE_DEBUG_INFO = YES;
				ONLY_ACTIVE_ARCH = YES;
				SDKROOT = iphoneos;
				SWIFT_OPTIMIZATION_LEVEL = "-Onone";
				TARGETED_DEVICE_FAMILY = "1,2";
			};
			name = Debug;
		};
		CB8AE0BE1AA54C61001BAEE3 /* Release */ = {
			isa = XCBuildConfiguration;
			buildSettings = {
				ALWAYS_SEARCH_USER_PATHS = NO;
				CLANG_CXX_LANGUAGE_STANDARD = "gnu++0x";
				CLANG_CXX_LIBRARY = "libc++";
				CLANG_ENABLE_MODULES = YES;
				CLANG_ENABLE_OBJC_ARC = YES;
				CLANG_WARN_BOOL_CONVERSION = YES;
				CLANG_WARN_CONSTANT_CONVERSION = YES;
				CLANG_WARN_DIRECT_OBJC_ISA_USAGE = YES_ERROR;
				CLANG_WARN_EMPTY_BODY = YES;
				CLANG_WARN_ENUM_CONVERSION = YES;
				CLANG_WARN_INT_CONVERSION = YES;
				CLANG_WARN_OBJC_ROOT_CLASS = YES_ERROR;
				CLANG_WARN_UNREACHABLE_CODE = YES;
				CLANG_WARN__DUPLICATE_METHOD_MATCH = YES;
				"CODE_SIGN_IDENTITY[sdk=iphoneos*]" = "iPhone Developer";
				COPY_PHASE_STRIP = YES;
				ENABLE_NS_ASSERTIONS = NO;
				ENABLE_STRICT_OBJC_MSGSEND = YES;
				GCC_C_LANGUAGE_STANDARD = gnu99;
				GCC_WARN_64_TO_32_BIT_CONVERSION = YES;
				GCC_WARN_ABOUT_RETURN_TYPE = YES_ERROR;
				GCC_WARN_UNDECLARED_SELECTOR = YES;
				GCC_WARN_UNINITIALIZED_AUTOS = YES_AGGRESSIVE;
				GCC_WARN_UNUSED_FUNCTION = YES;
				GCC_WARN_UNUSED_VARIABLE = YES;
				IPHONEOS_DEPLOYMENT_TARGET = 8.1;
				MTL_ENABLE_DEBUG_INFO = NO;
				SDKROOT = iphoneos;
				TARGETED_DEVICE_FAMILY = "1,2";
				VALIDATE_PRODUCT = YES;
			};
			name = Release;
		};
		CB8AE0C01AA54C61001BAEE3 /* Debug */ = {
			isa = XCBuildConfiguration;
			buildSettings = {
				ASSETCATALOG_COMPILER_APPICON_NAME = AppIcon;
				INFOPLIST_FILE = Postcard/Info.plist;
				LD_RUNPATH_SEARCH_PATHS = "$(inherited) @executable_path/Frameworks";
				PRODUCT_NAME = "$(TARGET_NAME)";
			};
			name = Debug;
		};
		CB8AE0C11AA54C61001BAEE3 /* Release */ = {
			isa = XCBuildConfiguration;
			buildSettings = {
				ASSETCATALOG_COMPILER_APPICON_NAME = AppIcon;
				INFOPLIST_FILE = Postcard/Info.plist;
				LD_RUNPATH_SEARCH_PATHS = "$(inherited) @executable_path/Frameworks";
				PRODUCT_NAME = "$(TARGET_NAME)";
			};
			name = Release;
		};
		CB8AE0C31AA54C61001BAEE3 /* Debug */ = {
			isa = XCBuildConfiguration;
			buildSettings = {
				BUNDLE_LOADER = "$(TEST_HOST)";
				FRAMEWORK_SEARCH_PATHS = (
					"$(SDKROOT)/Developer/Library/Frameworks",
					"$(inherited)",
				);
				GCC_PREPROCESSOR_DEFINITIONS = (
					"DEBUG=1",
					"$(inherited)",
				);
				INFOPLIST_FILE = PostcardTests/Info.plist;
				LD_RUNPATH_SEARCH_PATHS = "$(inherited) @executable_path/Frameworks @loader_path/Frameworks";
				PRODUCT_NAME = "$(TARGET_NAME)";
				TEST_HOST = "$(BUILT_PRODUCTS_DIR)/Postcard.app/Postcard";
			};
			name = Debug;
		};
		CB8AE0C41AA54C61001BAEE3 /* Release */ = {
			isa = XCBuildConfiguration;
			buildSettings = {
				BUNDLE_LOADER = "$(TEST_HOST)";
				FRAMEWORK_SEARCH_PATHS = (
					"$(SDKROOT)/Developer/Library/Frameworks",
					"$(inherited)",
				);
				INFOPLIST_FILE = PostcardTests/Info.plist;
				LD_RUNPATH_SEARCH_PATHS = "$(inherited) @executable_path/Frameworks @loader_path/Frameworks";
				PRODUCT_NAME = "$(TARGET_NAME)";
				TEST_HOST = "$(BUILT_PRODUCTS_DIR)/Postcard.app/Postcard";
			};
			name = Release;
		};
/* End XCBuildConfiguration section */

/* Begin XCConfigurationList section */
		CB8AE09B1AA54C61001BAEE3 /* Build configuration list for PBXProject "Postcard" */ = {
			isa = XCConfigurationList;
			buildConfigurations = (
				CB8AE0BD1AA54C61001BAEE3 /* Debug */,
				CB8AE0BE1AA54C61001BAEE3 /* Release */,
			);
			defaultConfigurationIsVisible = 0;
			defaultConfigurationName = Release;
		};
		CB8AE0BF1AA54C61001BAEE3 /* Build configuration list for PBXNativeTarget "Postcard" */ = {
			isa = XCConfigurationList;
			buildConfigurations = (
				CB8AE0C01AA54C61001BAEE3 /* Debug */,
				CB8AE0C11AA54C61001BAEE3 /* Release */,
			);
			defaultConfigurationIsVisible = 0;
		};
		CB8AE0C21AA54C61001BAEE3 /* Build configuration list for PBXNativeTarget "PostcardTests" */ = {
			isa = XCConfigurationList;
			buildConfigurations = (
				CB8AE0C31AA54C61001BAEE3 /* Debug */,
				CB8AE0C41AA54C61001BAEE3 /* Release */,
			);
			defaultConfigurationIsVisible = 0;
		};
/* End XCConfigurationList section */
	};
	rootObject = CB8AE0981AA54C61001BAEE3 /* Project object */;
}
